{
  "name": "@incrudable/forms",
  "version": "0.1.1",
  "lockfileVersion": 1,
  "requires": true,
  "dependencies": {
    "angular-gridster2": {
      "version": "9.0.0",
      "resolved": "https://registry.npmjs.org/angular-gridster2/-/angular-gridster2-9.0.0.tgz",
      "integrity": "sha512-0/nREskZEZMzSS9AdQmPHdncb4txIXzHnSgylIJ5esEPJI4dkB4A5bd9shUdwH6u4kPZInkHO3W0hHJOTSilUQ=="
    },
    "lodash": {
      "version": "4.17.15",
      "resolved": "https://registry.npmjs.org/lodash/-/lodash-4.17.15.tgz",
      "integrity": "sha512-8xOcRHvCjnocdS5cpwXQXVzmmh5e5+saE2QGoeQmbKmRS6J3VQppPOIt0MnmE+4xlZoumy0GPG0D0MVIQbNA1A=="
    },
    "ng-dynamic-component": {
      "version": "6.0.0",
      "resolved": "https://registry.npmjs.org/ng-dynamic-component/-/ng-dynamic-component-6.0.0.tgz",
      "integrity": "sha512-soZdXYd7oWivBuJOEpyTos5Mkp0/y3Dyjl1JPahSnevdozDgY/dqBkPHzkSllCbOQaCxllFjqYy+B0rOQaOolA=="
    }
  }
}
