# THIS IS AN AUTOGENERATED FILE. DO NOT EDIT THIS FILE DIRECTLY.
# yarn lockfile v1


angular-gridster2@9.0.0:
  version "9.0.0"
  resolved "https://registry.yarnpkg.com/angular-gridster2/-/angular-gridster2-9.0.0.tgz#5d73ea57e0b91a07258bbc768a8b39bc71053825"
  integrity sha512-0/nREskZEZMzSS9AdQmPHdncb4txIXzHnSgylIJ5esEPJI4dkB4A5bd9shUdwH6u4kPZInkHO3W0hHJOTSilUQ==

lodash@4.17.15:
  version "4.17.15"
  resolved "https://registry.yarnpkg.com/lodash/-/lodash-4.17.15.tgz#b447f6670a0455bbfeedd11392eff330ea097548"
  integrity sha512-8xOcRHvCjnocdS5cpwXQXVzmmh5e5+saE2QGoeQmbKmRS6J3VQppPOIt0MnmE+4xlZoumy0GPG0D0MVIQbNA1A==

ng-dynamic-component@6.0.0:
  version "6.0.0"
  resolved "https://registry.yarnpkg.com/ng-dynamic-component/-/ng-dynamic-component-6.0.0.tgz#71a7770f3f56e2d8abd0535186e7724216f632a2"
  integrity sha512-soZdXYd7oWivBuJOEpyTos5Mkp0/y3Dyjl1JPahSnevdozDgY/dqBkPHzkSllCbOQaCxllFjqYy+B0rOQaOolA==
