{
  "name": "@incrudable/material-form-renderer",
  "version": "0.1.0",
  "lockfileVersion": 1,
  "requires": true,
  "dependencies": {
    "@incrudable/forms": {
      "version": "file:../../../dist/libs/forms",
      "requires": {
        "angular-gridster2": "9.0.0",
        "lodash": "4.17.15",
        "ng-dynamic-component": "6.0.0"
      },
      "dependencies": {
        "angular-gridster2": {
          "version": "9.0.0",
          "resolved": "https://registry.npmjs.org/angular-gridster2/-/angular-gridster2-9.0.0.tgz",
          "integrity": "sha512-0/nREskZEZMzSS9AdQmPHdncb4txIXzHnSgylIJ5esEPJI4dkB4A5bd9shUdwH6u4kPZInkHO3W0hHJOTSilUQ=="
        },
        "lodash": {
          "version": "4.17.15",
          "resolved": "https://registry.npmjs.org/lodash/-/lodash-4.17.15.tgz",
          "integrity": "sha512-8xOcRHvCjnocdS5cpwXQXVzmmh5e5+saE2QGoeQmbKmRS6J3VQppPOIt0MnmE+4xlZoumy0GPG0D0MVIQbNA1A=="
        },
        "ng-dynamic-component": {
          "version": "6.0.0",
          "resolved": "https://registry.npmjs.org/ng-dynamic-component/-/ng-dynamic-component-6.0.0.tgz",
          "integrity": "sha512-soZdXYd7oWivBuJOEpyTos5Mkp0/y3Dyjl1JPahSnevdozDgY/dqBkPHzkSllCbOQaCxllFjqYy+B0rOQaOolA=="
        }
      }
    },
    "@incrudable/material-deps": {
      "version": "file:../../../dist/libs/material-deps",
      "requires": {
        "ngx-material-timepicker": "^5.3.0"
      },
      "dependencies": {
        "@types/luxon": {
          "version": "1.21.0",
          "resolved": "https://registry.npmjs.org/@types/luxon/-/luxon-1.21.0.tgz",
          "integrity": "sha512-Zhrf65tpjOlVIYrUhX9eu1VzRo8iixQDLFPbfqFxPpG4pBTNNPZ2BFhYE0IAsDfW9GWg+RcrUqiLwrGJH4rq4w=="
        },
        "luxon": {
          "version": "1.22.0",
          "resolved": "https://registry.npmjs.org/luxon/-/luxon-1.22.0.tgz",
          "integrity": "sha512-3sLvlfbFo+AxVEY3IqxymbumtnlgBwjDExxK60W3d+trrUzErNAz/PfvPT+mva+vEUrdIodeCOs7fB6zHtRSrw=="
        },
        "ngx-material-timepicker": {
          "version": "5.4.1",
          "resolved": "https://registry.npmjs.org/ngx-material-timepicker/-/ngx-material-timepicker-5.4.1.tgz",
          "integrity": "sha512-SgFHwEnJ3xIyvBfyyA2RNYYhn+Ax2lWpyeaR8SkTPa3MP0FdEC+k3uV42+nfm0rTTmvL7xr/8E6O8PSLWGXXgA==",
          "requires": {
            "@types/luxon": "^1.11.1",
            "luxon": "^1.22.0",
            "tslib": "^1.9.0"
          }
        },
        "tslib": {
          "version": "1.11.1",
          "resolved": "https://registry.npmjs.org/tslib/-/tslib-1.11.1.tgz",
          "integrity": "sha512-aZW88SY8kQbU7gpV19lN24LtXh/yD4ZZg6qieAJDDg+YBsJcSmLGK9QpnUjAKVG/xefmvJGd1WUmfpT/g6AJGA=="
        }
      }
    }
  }
}
