# THIS IS AN AUTOGENERATED FILE. DO NOT EDIT THIS FILE DIRECTLY.
# yarn lockfile v1


"@incrudable/material-deps@^0.0.1":
  version "0.0.1"
  resolved "https://registry.yarnpkg.com/@incrudable/material-deps/-/material-deps-0.0.1.tgz#fade39083d739903a7899946b07ef3888e19d0a5"
  integrity sha512-U6qyYw0uzI8qhl3XsyA9pdHkBT3ATjDiMszKgCcFrRrXQXvsDi8hKWh0Bbw/OBQYpar//R338PzjtQWMseWg5A==
  dependencies:
    tslib "^1.9.0"

tslib@^1.9.0:
  version "1.10.0"
  resolved "https://registry.yarnpkg.com/tslib/-/tslib-1.10.0.tgz#c3c19f95973fb0a62973fb09d90d961ee43e5c8a"
  integrity sha512-qOebF53frne81cf0S9B41ByenJ3/IuH8yJKngAX35CmiZySA0khhkovshKK+jGCaMnVomla7gVlIcc3EvKPbTQ==
